{
  "name": "mina-payout-script",
  "lockfileVersion": 2,
  "requires": true,
  "packages": {
    "": {
      "dependencies": {
        "@o1labs/client-sdk": "^0.2.5"
      },
      "devDependencies": {
        "typescript": "^4.2.3"
      }
    },
    "node_modules/@o1labs/client-sdk": {
      "version": "0.2.5",
      "resolved": "https://registry.npmjs.org/@o1labs/client-sdk/-/client-sdk-0.2.5.tgz",
      "integrity": "sha512-Ak+Ix0vcTT5VuITyySsMhXmO2y7mVvd1Yyq4oJaoe43EiIYU1jfEzHIjHkn/pSDCLCJRTF2yzeH+ZeKfk1rc/Q==",
      "dependencies": {
        "@types/node": "^13.7.0"
      }
    },
    "node_modules/@types/node": {
      "version": "13.13.45",
      "resolved": "https://registry.npmjs.org/@types/node/-/node-13.13.45.tgz",
      "integrity": "sha512-703YTEp8AwQeapI0PTXDOj+Bs/mtdV/k9VcTP7z/de+lx6XjFMKdB+JhKnK+6PZ5za7omgZ3V6qm/dNkMj/Zow=="
    },
    "node_modules/typescript": {
      "version": "4.2.3",
      "resolved": "https://registry.npmjs.org/typescript/-/typescript-4.2.3.tgz",
      "integrity": "sha512-qOcYwxaByStAWrBf4x0fibwZvMRG+r4cQoTjbPtUlrWjBHbmCAww1i448U0GJ+3cNNEtebDteo/cHOR3xJ4wEw==",
      "dev": true,
      "bin": {
        "tsc": "bin/tsc",
        "tsserver": "bin/tsserver"
      },
      "engines": {
        "node": ">=4.2.0"
      }
    }
  },
  "dependencies": {
    "@o1labs/client-sdk": {
      "version": "0.2.5",
      "resolved": "https://registry.npmjs.org/@o1labs/client-sdk/-/client-sdk-0.2.5.tgz",
      "integrity": "sha512-Ak+Ix0vcTT5VuITyySsMhXmO2y7mVvd1Yyq4oJaoe43EiIYU1jfEzHIjHkn/pSDCLCJRTF2yzeH+ZeKfk1rc/Q==",
      "requires": {
        "@types/node": "^13.7.0"
      }
    },
    "@types/node": {
      "version": "13.13.45",
      "resolved": "https://registry.npmjs.org/@types/node/-/node-13.13.45.tgz",
      "integrity": "sha512-703YTEp8AwQeapI0PTXDOj+Bs/mtdV/k9VcTP7z/de+lx6XjFMKdB+JhKnK+6PZ5za7omgZ3V6qm/dNkMj/Zow=="
    },
    "typescript": {
      "version": "4.2.3",
      "resolved": "https://registry.npmjs.org/typescript/-/typescript-4.2.3.tgz",
      "integrity": "sha512-qOcYwxaByStAWrBf4x0fibwZvMRG+r4cQoTjbPtUlrWjBHbmCAww1i448U0GJ+3cNNEtebDteo/cHOR3xJ4wEw==",
      "dev": true
    }
  }
}
